
Microsoft Visual Studio Solution File, Format Version 12.00
# Visual Studio 2012
Project("{FAE04EC0-301F-11D3-BF4B-00C04F79EFBC}") = "MVCFluentValidation.cs", "MVCFluentValidation.cs\MVCFluentValidation.cs.csproj", "{3E08DBC7-4DF8-4085-AD01-6591EEAA55AE}"
EndProject
Project("{FAE04EC0-301F-11D3-BF4B-00C04F79EFBC}") = "MVCFluentValidation.cs.Tests", "MVCFluentValidation.cs.Tests\MVCFluentValidation.cs.Tests.csproj", "{19818362-BEA4-4475-AD62-5511519D97F9}"
EndProject
Project("{2150E333-8FDC-42A3-9474-1A3956D46DE8}") = "02-DoMain", "02-DoMain", "{08A27BF0-5DFC-449F-AA8D-F69E32609DCE}"
EndProject
Project("{FAE04EC0-301F-11D3-BF4B-00C04F79EFBC}") = "DoMainService", "DoMainService\DoMainService.csproj", "{0B7D3BB9-2972-4F03-BCD0-681D6FE81365}"
EndProject
Project("{FAE04EC0-301F-11D3-BF4B-00C04F79EFBC}") = "DoMainService.Imp", "DoMainService.Imp\DoMainService.Imp.csproj", "{DC4552D3-A46A-4663-8FD8-14B5A7DCE425}"
EndProject
Project("{2150E333-8FDC-42A3-9474-1A3956D46DE8}") = "00-Core", "00-Core", "{BF46B345-A614-4F06-A62A-ADA33C8DDCA2}"
EndProject
Project("{FAE04EC0-301F-11D3-BF4B-00C04F79EFBC}") = "MVC-Core", "MVC-Core\MVC-Core.csproj", "{54CD4DC5-593A-4C1E-BFEB-30B657D4F016}"
EndProject
Project("{2150E333-8FDC-42A3-9474-1A3956D46DE8}") = "03-Data", "03-Data", "{662B038E-4254-4D47-A037-578A635C90BD}"
EndProject
Project("{FAE04EC0-301F-11D3-BF4B-00C04F79EFBC}") = "DataService", "DataService\DataService.csproj", "{65DD653C-FC62-4A83-A6A4-3B54984A55CE}"
EndProject
Project("{FAE04EC0-301F-11D3-BF4B-00C04F79EFBC}") = "DataService.Imp", "DataService.Imp\DataService.Imp.csproj", "{F0F805DE-651C-4298-B35D-D9B37E214A0A}"
EndProject
Global
	GlobalSection(SolutionConfigurationPlatforms) = preSolution
		Debug|Any CPU = Debug|Any CPU
		Release|Any CPU = Release|Any CPU
	EndGlobalSection
	GlobalSection(ProjectConfigurationPlatforms) = postSolution
		{3E08DBC7-4DF8-4085-AD01-6591EEAA55AE}.Debug|Any CPU.ActiveCfg = Debug|Any CPU
		{3E08DBC7-4DF8-4085-AD01-6591EEAA55AE}.Debug|Any CPU.Build.0 = Debug|Any CPU
		{3E08DBC7-4DF8-4085-AD01-6591EEAA55AE}.Release|Any CPU.ActiveCfg = Release|Any CPU
		{3E08DBC7-4DF8-4085-AD01-6591EEAA55AE}.Release|Any CPU.Build.0 = Release|Any CPU
		{19818362-BEA4-4475-AD62-5511519D97F9}.Debug|Any CPU.ActiveCfg = Debug|Any CPU
		{19818362-BEA4-4475-AD62-5511519D97F9}.Debug|Any CPU.Build.0 = Debug|Any CPU
		{19818362-BEA4-4475-AD62-5511519D97F9}.Release|Any CPU.ActiveCfg = Release|Any CPU
		{19818362-BEA4-4475-AD62-5511519D97F9}.Release|Any CPU.Build.0 = Release|Any CPU
		{0B7D3BB9-2972-4F03-BCD0-681D6FE81365}.Debug|Any CPU.ActiveCfg = Debug|Any CPU
		{0B7D3BB9-2972-4F03-BCD0-681D6FE81365}.Debug|Any CPU.Build.0 = Debug|Any CPU
		{0B7D3BB9-2972-4F03-BCD0-681D6FE81365}.Release|Any CPU.ActiveCfg = Release|Any CPU
		{0B7D3BB9-2972-4F03-BCD0-681D6FE81365}.Release|Any CPU.Build.0 = Release|Any CPU
		{DC4552D3-A46A-4663-8FD8-14B5A7DCE425}.Debug|Any CPU.ActiveCfg = Debug|Any CPU
		{DC4552D3-A46A-4663-8FD8-14B5A7DCE425}.Debug|Any CPU.Build.0 = Debug|Any CPU
		{DC4552D3-A46A-4663-8FD8-14B5A7DCE425}.Release|Any CPU.ActiveCfg = Release|Any CPU
		{DC4552D3-A46A-4663-8FD8-14B5A7DCE425}.Release|Any CPU.Build.0 = Release|Any CPU
		{54CD4DC5-593A-4C1E-BFEB-30B657D4F016}.Debug|Any CPU.ActiveCfg = Debug|Any CPU
		{54CD4DC5-593A-4C1E-BFEB-30B657D4F016}.Debug|Any CPU.Build.0 = Debug|Any CPU
		{54CD4DC5-593A-4C1E-BFEB-30B657D4F016}.Release|Any CPU.ActiveCfg = Release|Any CPU
		{54CD4DC5-593A-4C1E-BFEB-30B657D4F016}.Release|Any CPU.Build.0 = Release|Any CPU
		{65DD653C-FC62-4A83-A6A4-3B54984A55CE}.Debug|Any CPU.ActiveCfg = Debug|Any CPU
		{65DD653C-FC62-4A83-A6A4-3B54984A55CE}.Debug|Any CPU.Build.0 = Debug|Any CPU
		{65DD653C-FC62-4A83-A6A4-3B54984A55CE}.Release|Any CPU.ActiveCfg = Release|Any CPU
		{65DD653C-FC62-4A83-A6A4-3B54984A55CE}.Release|Any CPU.Build.0 = Release|Any CPU
		{F0F805DE-651C-4298-B35D-D9B37E214A0A}.Debug|Any CPU.ActiveCfg = Debug|Any CPU
		{F0F805DE-651C-4298-B35D-D9B37E214A0A}.Debug|Any CPU.Build.0 = Debug|Any CPU
		{F0F805DE-651C-4298-B35D-D9B37E214A0A}.Release|Any CPU.ActiveCfg = Release|Any CPU
		{F0F805DE-651C-4298-B35D-D9B37E214A0A}.Release|Any CPU.Build.0 = Release|Any CPU
	EndGlobalSection
	GlobalSection(SolutionProperties) = preSolution
		HideSolutionNode = FALSE
	EndGlobalSection
	GlobalSection(NestedProjects) = preSolution
		{0B7D3BB9-2972-4F03-BCD0-681D6FE81365} = {08A27BF0-5DFC-449F-AA8D-F69E32609DCE}
		{DC4552D3-A46A-4663-8FD8-14B5A7DCE425} = {08A27BF0-5DFC-449F-AA8D-F69E32609DCE}
		{54CD4DC5-593A-4C1E-BFEB-30B657D4F016} = {BF46B345-A614-4F06-A62A-ADA33C8DDCA2}
		{65DD653C-FC62-4A83-A6A4-3B54984A55CE} = {662B038E-4254-4D47-A037-578A635C90BD}
		{F0F805DE-651C-4298-B35D-D9B37E214A0A} = {662B038E-4254-4D47-A037-578A635C90BD}
	EndGlobalSection
EndGlobal
